
Microsoft Visual Studio Solution File, Format Version 12.00
# Visual Studio Version 17
VisualStudioVersion = 17.12.35527.113 d17.12
MinimumVisualStudioVersion = 10.0.40219.1
Project("{FAE04EC0-301F-11D3-BF4B-00C04F79EFBC}") = "FlowControlandFunction", "Homeworkw2\FlowControlandFunction.csproj", "{62F1AC37-D42D-42A4-8957-A2BA9B6F40C3}"
EndProject
Project("{FAE04EC0-301F-11D3-BF4B-00C04F79EFBC}") = "Approximation", "Approximation\Approximation.csproj", "{B6835415-615D-4BA9-AC01-D5ADAA235070}"
EndProject
Global
	GlobalSection(SolutionConfigurationPlatforms) = preSolution
		Debug|Any CPU = Debug|Any CPU
		Release|Any CPU = Release|Any CPU
	EndGlobalSection
	GlobalSection(ProjectConfigurationPlatforms) = postSolution
		{62F1AC37-D42D-42A4-8957-A2BA9B6F40C3}.Debug|Any CPU.ActiveCfg = Debug|Any CPU
		{62F1AC37-D42D-42A4-8957-A2BA9B6F40C3}.Debug|Any CPU.Build.0 = Debug|Any CPU
		{62F1AC37-D42D-42A4-8957-A2BA9B6F40C3}.Release|Any CPU.ActiveCfg = Release|Any CPU
		{62F1AC37-D42D-42A4-8957-A2BA9B6F40C3}.Release|Any CPU.Build.0 = Release|Any CPU
		{B6835415-615D-4BA9-AC01-D5ADAA235070}.Debug|Any CPU.ActiveCfg = Debug|Any CPU
		{B6835415-615D-4BA9-AC01-D5ADAA235070}.Debug|Any CPU.Build.0 = Debug|Any CPU
		{B6835415-615D-4BA9-AC01-D5ADAA235070}.Release|Any CPU.ActiveCfg = Release|Any CPU
		{B6835415-615D-4BA9-AC01-D5ADAA235070}.Release|Any CPU.Build.0 = Release|Any CPU
	EndGlobalSection
	GlobalSection(SolutionProperties) = preSolution
		HideSolutionNode = FALSE
	EndGlobalSection
EndGlobal
